
Microsoft Visual Studio Solution File, Format Version 12.00
# Visual Studio Version 16
VisualStudioVersion = 16.0.31424.327
MinimumVisualStudioVersion = 10.0.40219.1
Project("{9A19103F-16F7-4668-BE54-9A1E7A4F7556}") = "WebHost", "projects\WebHost\WebHost.csproj", "{204365D0-2ACB-438E-A7B9-BB5D7FC3A0C3}"
EndProject
Project("{FAE04EC0-301F-11D3-BF4B-00C04F79EFBC}") = "Application", "projects\Application\Application.csproj", "{D22AFA70-6FA7-4E27-9755-AF4FE4489474}"
EndProject
Project("{FAE04EC0-301F-11D3-BF4B-00C04F79EFBC}") = "Domain", "projects\Domain\Domain.csproj", "{6FE976A5-AE5B-4491-B511-070A9315288E}"
EndProject
Global
	GlobalSection(SolutionConfigurationPlatforms) = preSolution
		Debug|Any CPU = Debug|Any CPU
		Release|Any CPU = Release|Any CPU
	EndGlobalSection
	GlobalSection(ProjectConfigurationPlatforms) = postSolution
		{204365D0-2ACB-438E-A7B9-BB5D7FC3A0C3}.Debug|Any CPU.ActiveCfg = Debug|Any CPU
		{204365D0-2ACB-438E-A7B9-BB5D7FC3A0C3}.Debug|Any CPU.Build.0 = Debug|Any CPU
		{204365D0-2ACB-438E-A7B9-BB5D7FC3A0C3}.Release|Any CPU.ActiveCfg = Release|Any CPU
		{204365D0-2ACB-438E-A7B9-BB5D7FC3A0C3}.Release|Any CPU.Build.0 = Release|Any CPU
		{D22AFA70-6FA7-4E27-9755-AF4FE4489474}.Debug|Any CPU.ActiveCfg = Debug|Any CPU
		{D22AFA70-6FA7-4E27-9755-AF4FE4489474}.Debug|Any CPU.Build.0 = Debug|Any CPU
		{D22AFA70-6FA7-4E27-9755-AF4FE4489474}.Release|Any CPU.ActiveCfg = Release|Any CPU
		{D22AFA70-6FA7-4E27-9755-AF4FE4489474}.Release|Any CPU.Build.0 = Release|Any CPU
		{6FE976A5-AE5B-4491-B511-070A9315288E}.Debug|Any CPU.ActiveCfg = Debug|Any CPU
		{6FE976A5-AE5B-4491-B511-070A9315288E}.Debug|Any CPU.Build.0 = Debug|Any CPU
		{6FE976A5-AE5B-4491-B511-070A9315288E}.Release|Any CPU.ActiveCfg = Release|Any CPU
		{6FE976A5-AE5B-4491-B511-070A9315288E}.Release|Any CPU.Build.0 = Release|Any CPU
	EndGlobalSection
	GlobalSection(SolutionProperties) = preSolution
		HideSolutionNode = FALSE
	EndGlobalSection
	GlobalSection(ExtensibilityGlobals) = postSolution
		SolutionGuid = {6B5603D8-EF8F-4AC7-9F51-CB7A2D732EA5}
	EndGlobalSection
EndGlobal
